
Microsoft Visual Studio Solution File, Format Version 12.00
# Visual Studio Version 17
VisualStudioVersion = 17.5.33627.172
MinimumVisualStudioVersion = 10.0.40219.1
Project("{FAE04EC0-301F-11D3-BF4B-00C04F79EFBC}") = "Yost_Array", "Yost_Array\Yost_Array.csproj", "{A001ACE8-8B6F-4227-BA37-BE8361A937D3}"
EndProject
Global
	GlobalSection(SolutionConfigurationPlatforms) = preSolution
		Debug|Any CPU = Debug|Any CPU
		Release|Any CPU = Release|Any CPU
	EndGlobalSection
	GlobalSection(ProjectConfigurationPlatforms) = postSolution
		{A001ACE8-8B6F-4227-BA37-BE8361A937D3}.Debug|Any CPU.ActiveCfg = Debug|Any CPU
		{A001ACE8-8B6F-4227-BA37-BE8361A937D3}.Debug|Any CPU.Build.0 = Debug|Any CPU
		{A001ACE8-8B6F-4227-BA37-BE8361A937D3}.Release|Any CPU.ActiveCfg = Release|Any CPU
		{A001ACE8-8B6F-4227-BA37-BE8361A937D3}.Release|Any CPU.Build.0 = Release|Any CPU
	EndGlobalSection
	GlobalSection(SolutionProperties) = preSolution
		HideSolutionNode = FALSE
	EndGlobalSection
	GlobalSection(ExtensibilityGlobals) = postSolution
		SolutionGuid = {32DAED68-AF76-4E29-965B-0B25698A0FE2}
	EndGlobalSection
EndGlobal
